{
  "name": "data-portal",
  "version": "1.0.0",
  "lockfileVersion": 1,
  "requires": true,
  "dependencies": {
    "@types/clone": {
      "version": "0.1.30",
      "resolved": "https://registry.npmjs.org/@types/clone/-/clone-0.1.30.tgz",
      "integrity": "sha1-5zZWSMG0ITalnH1QQGN7O1yDthQ="
    },
    "ansi-regex": {
      "version": "3.0.0",
      "resolved": "https://registry.npmjs.org/ansi-regex/-/ansi-regex-3.0.0.tgz",
      "integrity": "sha1-7QMXwyIGT3lGbAKWa922Bas32Zg="
    },
    "camelcase": {
      "version": "5.0.0",
      "resolved": "https://registry.npmjs.org/camelcase/-/camelcase-5.0.0.tgz",
      "integrity": "sha512-faqwZqnWxbxn+F1d399ygeamQNy3lPp/H9H6rNrqYh4FSVCtcY+3cub1MxA8o9mDd55mM8Aghuu/kuyYA6VTsA=="
    },
    "cliui": {
      "version": "4.1.0",
      "resolved": "https://registry.npmjs.org/cliui/-/cliui-4.1.0.tgz",
      "integrity": "sha512-4FG+RSG9DL7uEwRUZXZn3SS34DiDPfzP0VOiEwtUWlE+AR2EIg+hSyvrIgUUfhdgR/UkAeW2QHgeP+hWrXs7jQ==",
      "requires": {
        "string-width": "^2.1.1",
        "strip-ansi": "^4.0.0",
        "wrap-ansi": "^2.0.0"
      }
    },
    "clone": {
      "version": "2.1.2",
      "resolved": "https://registry.npmjs.org/clone/-/clone-2.1.2.tgz",
      "integrity": "sha1-G39Ln1kfHo+DZwQBYANFoCiHQ18="
    },
    "code-point-at": {
      "version": "1.1.0",
      "resolved": "https://registry.npmjs.org/code-point-at/-/code-point-at-1.1.0.tgz",
      "integrity": "sha1-DQcLTQQ6W+ozovGkDi7bPZpMz3c="
    },
    "commander": {
      "version": "2.19.0",
      "resolved": "https://registry.npmjs.org/commander/-/commander-2.19.0.tgz",
      "integrity": "sha512-6tvAOO+D6OENvRAh524Dh9jcfKTYDQAqvqezbCW82xj5X0pSrcpxtvRKHLG0yBY6SD7PSDrJaj+0AiOcKVd1Xg=="
    },
    "cross-spawn": {
      "version": "6.0.5",
      "resolved": "https://registry.npmjs.org/cross-spawn/-/cross-spawn-6.0.5.tgz",
      "integrity": "sha512-eTVLrBSt7fjbDygz805pMnstIs2VTBNkRm0qxZd+M7A5XDdxVRWO5MxGBXZhjY4cqLYLdtrGqRf8mBPmzwSpWQ==",
      "requires": {
        "nice-try": "^1.0.4",
        "path-key": "^2.0.1",
        "semver": "^5.5.0",
        "shebang-command": "^1.2.0",
        "which": "^1.2.9"
      }
    },
    "d3-array": {
      "version": "2.0.3",
      "resolved": "https://registry.npmjs.org/d3-array/-/d3-array-2.0.3.tgz",
      "integrity": "sha512-C7g4aCOoJa+/K5hPVqZLG8wjYHsTUROTk7Z1Ep9F4P5l+WVrvV0+6nAZ1wKTRLMhFWpGbozxUpyjIPZYAaLi+g=="
    },
    "d3-collection": {
      "version": "1.0.7",
      "resolved": "https://registry.npmjs.org/d3-collection/-/d3-collection-1.0.7.tgz",
      "integrity": "sha512-ii0/r5f4sjKNTfh84Di+DpztYwqKhEyUlKoPrzUFfeSkWxjW49xU2QzO9qrPrNkpdI0XJkfzvmTu8V2Zylln6A=="
    },
    "d3-color": {
      "version": "1.2.3",
      "resolved": "https://registry.npmjs.org/d3-color/-/d3-color-1.2.3.tgz",
      "integrity": "sha512-x37qq3ChOTLd26hnps36lexMRhNXEtVxZ4B25rL0DVdDsGQIJGB18S7y9XDwlDD6MD/ZBzITCf4JjGMM10TZkw=="
    },
    "d3-contour": {
      "version": "1.3.2",
      "resolved": "https://registry.npmjs.org/d3-contour/-/d3-contour-1.3.2.tgz",
      "integrity": "sha512-hoPp4K/rJCu0ladiH6zmJUEz6+u3lgR+GSm/QdM2BBvDraU39Vr7YdDCicJcxP1z8i9B/2dJLgDC1NcvlF8WCg==",
      "requires": {
        "d3-array": "^1.1.1"
      },
      "dependencies": {
        "d3-array": {
          "version": "1.2.4",
          "resolved": "https://registry.npmjs.org/d3-array/-/d3-array-1.2.4.tgz",
          "integrity": "sha512-KHW6M86R+FUPYGb3R5XiYjXPq7VzwxZ22buHhAEVG5ztoEcZZMLov530mmccaqA1GghZArjQV46fuc8kUqhhHw=="
        }
      }
    },
    "d3-dispatch": {
      "version": "1.0.5",
      "resolved": "https://registry.npmjs.org/d3-dispatch/-/d3-dispatch-1.0.5.tgz",
      "integrity": "sha512-vwKx+lAqB1UuCeklr6Jh1bvC4SZgbSqbkGBLClItFBIYH4vqDJCA7qfoy14lXmJdnBOdxndAMxjCbImJYW7e6g=="
    },
    "d3-dsv": {
      "version": "1.1.1",
      "resolved": "https://registry.npmjs.org/d3-dsv/-/d3-dsv-1.1.1.tgz",
      "integrity": "sha512-1EH1oRGSkeDUlDRbhsFytAXU6cAmXFzc52YUe6MRlPClmWb85MP1J5x+YJRzya4ynZWnbELdSAvATFW/MbxaXw==",
      "requires": {
        "commander": "2",
        "iconv-lite": "0.4",
        "rw": "1"
      }
    },
    "d3-force": {
      "version": "1.2.0",
      "resolved": "https://registry.npmjs.org/d3-force/-/d3-force-1.2.0.tgz",
      "integrity": "sha512-PFLcDnRVANHMudbQlIB87gcfQorEsDIAvRpZ2bNddfM/WxdsEkyrEaOIPoydhH1I1V4HPjNLGOMLXCA0AuGQ9w==",
      "requires": {
        "d3-collection": "1",
        "d3-dispatch": "1",
        "d3-quadtree": "1",
        "d3-timer": "1"
      }
    },
    "d3-format": {
      "version": "1.3.2",
      "resolved": "https://registry.npmjs.org/d3-format/-/d3-format-1.3.2.tgz",
      "integrity": "sha512-Z18Dprj96ExragQ0DeGi+SYPQ7pPfRMtUXtsg/ChVIKNBCzjO8XYJvRTC1usblx52lqge56V5ect+frYTQc8WQ=="
    },
    "d3-geo": {
      "version": "1.11.3",
      "resolved": "https://registry.npmjs.org/d3-geo/-/d3-geo-1.11.3.tgz",
      "integrity": "sha512-n30yN9qSKREvV2fxcrhmHUdXP9TNH7ZZj3C/qnaoU0cVf/Ea85+yT7HY7i8ySPwkwjCNYtmKqQFTvLFngfkItQ==",
      "requires": {
        "d3-array": "1"
      },
      "dependencies": {
        "d3-array": {
          "version": "1.2.4",
          "resolved": "https://registry.npmjs.org/d3-array/-/d3-array-1.2.4.tgz",
          "integrity": "sha512-KHW6M86R+FUPYGb3R5XiYjXPq7VzwxZ22buHhAEVG5ztoEcZZMLov530mmccaqA1GghZArjQV46fuc8kUqhhHw=="
        }
      }
    },
    "d3-hierarchy": {
      "version": "1.1.8",
      "resolved": "https://registry.npmjs.org/d3-hierarchy/-/d3-hierarchy-1.1.8.tgz",
      "integrity": "sha512-L+GHMSZNwTpiq4rt9GEsNcpLa4M96lXMR8M/nMG9p5hBE0jy6C+3hWtyZMenPQdwla249iJy7Nx0uKt3n+u9+w=="
    },
    "d3-interpolate": {
      "version": "1.3.2",
      "resolved": "https://registry.npmjs.org/d3-interpolate/-/d3-interpolate-1.3.2.tgz",
      "integrity": "sha512-NlNKGopqaz9qM1PXh9gBF1KSCVh+jSFErrSlD/4hybwoNX/gt1d8CDbDW+3i+5UOHhjC6s6nMvRxcuoMVNgL2w==",
      "requires": {
        "d3-color": "1"
      }
    },
    "d3-path": {
      "version": "1.0.7",
      "resolved": "https://registry.npmjs.org/d3-path/-/d3-path-1.0.7.tgz",
      "integrity": "sha512-q0cW1RpvA5c5ma2rch62mX8AYaiLX0+bdaSM2wxSU9tXjU4DNvkx9qiUvjkuWCj3p22UO/hlPivujqMiR9PDzA=="
    },
    "d3-quadtree": {
      "version": "1.0.6",
      "resolved": "https://registry.npmjs.org/d3-quadtree/-/d3-quadtree-1.0.6.tgz",
      "integrity": "sha512-NUgeo9G+ENQCQ1LsRr2qJg3MQ4DJvxcDNCiohdJGHt5gRhBW6orIB5m5FJ9kK3HNL8g9F4ERVoBzcEwQBfXWVA=="
    },
    "d3-scale": {
      "version": "2.2.2",
      "resolved": "https://registry.npmjs.org/d3-scale/-/d3-scale-2.2.2.tgz",
      "integrity": "sha512-LbeEvGgIb8UMcAa0EATLNX0lelKWGYDQiPdHj+gLblGVhGLyNbaCn3EvrJf0A3Y/uOOU5aD6MTh5ZFCdEwGiCw==",
      "requires": {
        "d3-array": "^1.2.0",
        "d3-collection": "1",
        "d3-format": "1",
        "d3-interpolate": "1",
        "d3-time": "1",
        "d3-time-format": "2"
      },
      "dependencies": {
        "d3-array": {
          "version": "1.2.4",
          "resolved": "https://registry.npmjs.org/d3-array/-/d3-array-1.2.4.tgz",
          "integrity": "sha512-KHW6M86R+FUPYGb3R5XiYjXPq7VzwxZ22buHhAEVG5ztoEcZZMLov530mmccaqA1GghZArjQV46fuc8kUqhhHw=="
        }
      }
    },
    "d3-scale-chromatic": {
      "version": "1.3.3",
      "resolved": "https://registry.npmjs.org/d3-scale-chromatic/-/d3-scale-chromatic-1.3.3.tgz",
      "integrity": "sha512-BWTipif1CimXcYfT02LKjAyItX5gKiwxuPRgr4xM58JwlLocWbjPLI7aMEjkcoOQXMkYsmNsvv3d2yl/OKuHHw==",
      "requires": {
        "d3-color": "1",
        "d3-interpolate": "1"
      }
    },
    "d3-selection": {
      "version": "1.4.0",
      "resolved": "https://registry.npmjs.org/d3-selection/-/d3-selection-1.4.0.tgz",
      "integrity": "sha512-EYVwBxQGEjLCKF2pJ4+yrErskDnz5v403qvAid96cNdCMr8rmCYfY5RGzWz24mdIbxmDf6/4EAH+K9xperD5jg=="
    },
    "d3-shape": {
      "version": "1.3.4",
      "resolved": "https://registry.npmjs.org/d3-shape/-/d3-shape-1.3.4.tgz",
      "integrity": "sha512-izaz4fOpOnY3CD17hkZWNxbaN70sIGagLR/5jb6RS96Y+6VqX+q1BQf1av6QSBRdfULi3Gb8Js4CzG4+KAPjMg==",
      "requires": {
        "d3-path": "1"
      }
    },
    "d3-time": {
      "version": "1.0.11",
      "resolved": "https://registry.npmjs.org/d3-time/-/d3-time-1.0.11.tgz",
      "integrity": "sha512-Z3wpvhPLW4vEScGeIMUckDW7+3hWKOQfAWg/U7PlWBnQmeKQ00gCUsTtWSYulrKNA7ta8hJ+xXc6MHrMuITwEw=="
    },
    "d3-time-format": {
      "version": "2.1.3",
      "resolved": "https://registry.npmjs.org/d3-time-format/-/d3-time-format-2.1.3.tgz",
      "integrity": "sha512-6k0a2rZryzGm5Ihx+aFMuO1GgelgIz+7HhB4PH4OEndD5q2zGn1mDfRdNrulspOfR6JXkb2sThhDK41CSK85QA==",
      "requires": {
        "d3-time": "1"
      }
    },
    "d3-timer": {
      "version": "1.0.9",
      "resolved": "https://registry.npmjs.org/d3-timer/-/d3-timer-1.0.9.tgz",
      "integrity": "sha512-rT34J5HnQUHhcLvhSB9GjCkN0Ddd5Y8nCwDBG2u6wQEeYxT/Lf51fTFFkldeib/sE/J0clIe0pnCfs6g/lRbyg=="
    },
    "d3-voronoi": {
      "version": "1.1.4",
      "resolved": "https://registry.npmjs.org/d3-voronoi/-/d3-voronoi-1.1.4.tgz",
      "integrity": "sha512-dArJ32hchFsrQ8uMiTBLq256MpnZjeuBtdHpaDlYuQyjU0CVzCJl/BVW+SkszaAeH95D/8gxqAhgx0ouAWAfRg=="
    },
    "decamelize": {
      "version": "1.2.0",
      "resolved": "https://registry.npmjs.org/decamelize/-/decamelize-1.2.0.tgz",
      "integrity": "sha1-9lNNFRSCabIDUue+4m9QH5oZEpA="
    },
    "end-of-stream": {
      "version": "1.4.1",
      "resolved": "https://registry.npmjs.org/end-of-stream/-/end-of-stream-1.4.1.tgz",
      "integrity": "sha512-1MkrZNvWTKCaigbn+W15elq2BB/L22nqrSY5DKlo3X6+vclJm8Bb5djXJBmEX6fS3+zCh/F4VBK5Z2KxJt4s2Q==",
      "requires": {
        "once": "^1.4.0"
      }
    },
    "execa": {
      "version": "1.0.0",
      "resolved": "https://registry.npmjs.org/execa/-/execa-1.0.0.tgz",
      "integrity": "sha512-adbxcyWV46qiHyvSp50TKt05tB4tK3HcmF7/nxfAdhnox83seTDbwnaqKO4sXRy7roHAIFqJP/Rw/AuEbX61LA==",
      "requires": {
        "cross-spawn": "^6.0.0",
        "get-stream": "^4.0.0",
        "is-stream": "^1.1.0",
        "npm-run-path": "^2.0.0",
        "p-finally": "^1.0.0",
        "signal-exit": "^3.0.0",
        "strip-eof": "^1.0.0"
      }
    },
    "fast-deep-equal": {
      "version": "2.0.1",
      "resolved": "https://registry.npmjs.org/fast-deep-equal/-/fast-deep-equal-2.0.1.tgz",
      "integrity": "sha1-ewUhjd+WZ79/Nwv3/bLLFf3Qqkk="
    },
    "fast-json-stable-stringify": {
      "version": "2.0.0",
      "resolved": "https://registry.npmjs.org/fast-json-stable-stringify/-/fast-json-stable-stringify-2.0.0.tgz",
      "integrity": "sha1-1RQsDK7msRifh9OnYREGT4bIu/I="
    },
    "find-up": {
      "version": "3.0.0",
      "resolved": "https://registry.npmjs.org/find-up/-/find-up-3.0.0.tgz",
      "integrity": "sha512-1yD6RmLI1XBfxugvORwlck6f75tYL+iR0jqwsOrOxMZyGYqUuDhJ0l4AXdO1iX/FTs9cBAMEk1gWSEx1kSbylg==",
      "requires": {
        "locate-path": "^3.0.0"
      }
    },
    "get-caller-file": {
      "version": "1.0.3",
      "resolved": "https://registry.npmjs.org/get-caller-file/-/get-caller-file-1.0.3.tgz",
      "integrity": "sha512-3t6rVToeoZfYSGd8YoLFR2DJkiQrIiUrGcjvFX2mDw3bn6k2OtwHN0TNCLbBO+w8qTvimhDkv+LSscbJY1vE6w=="
    },
    "get-stream": {
      "version": "4.1.0",
      "resolved": "https://registry.npmjs.org/get-stream/-/get-stream-4.1.0.tgz",
      "integrity": "sha512-GMat4EJ5161kIy2HevLlr4luNjBgvmj413KaQA7jt4V8B4RDsfpHk7WQ9GVqfYyyx8OS/L66Kox+rJRNklLK7w==",
      "requires": {
        "pump": "^3.0.0"
      }
    },
    "iconv-lite": {
      "version": "0.4.24",
      "resolved": "https://registry.npmjs.org/iconv-lite/-/iconv-lite-0.4.24.tgz",
      "integrity": "sha512-v3MXnZAcvnywkTUEZomIActle7RXXeedOR31wwl7VlyoXO4Qi9arvSenNQWne1TcRwhCL1HwLI21bEqdpj8/rA==",
      "requires": {
        "safer-buffer": ">= 2.1.2 < 3"
      }
    },
    "invert-kv": {
      "version": "2.0.0",
      "resolved": "https://registry.npmjs.org/invert-kv/-/invert-kv-2.0.0.tgz",
      "integrity": "sha512-wPVv/y/QQ/Uiirj/vh3oP+1Ww+AWehmi1g5fFWGPF6IpCBCDVrhgHRMvrLfdYcwDh3QJbGXDW4JAuzxElLSqKA=="
    },
    "is-fullwidth-code-point": {
      "version": "2.0.0",
      "resolved": "https://registry.npmjs.org/is-fullwidth-code-point/-/is-fullwidth-code-point-2.0.0.tgz",
      "integrity": "sha1-o7MKXE8ZkYMWeqq5O+764937ZU8="
    },
    "is-stream": {
      "version": "1.1.0",
      "resolved": "https://registry.npmjs.org/is-stream/-/is-stream-1.1.0.tgz",
      "integrity": "sha1-EtSj3U5o4Lec6428hBc66A2RykQ="
    },
    "isexe": {
      "version": "2.0.0",
      "resolved": "https://registry.npmjs.org/isexe/-/isexe-2.0.0.tgz",
      "integrity": "sha1-6PvzdNxVb/iUehDcsFctYz8s+hA="
    },
    "json-stringify-pretty-compact": {
      "version": "1.2.0",
      "resolved": "https://registry.npmjs.org/json-stringify-pretty-compact/-/json-stringify-pretty-compact-1.2.0.tgz",
      "integrity": "sha512-/11Pj1OyX814QMKO7K8l85SHPTr/KsFxHp8GE2zVa0BtJgGimDjXHfM3FhC7keQdWDea7+nXf+f1de7ATZcZkQ=="
    },
    "lcid": {
      "version": "2.0.0",
      "resolved": "https://registry.npmjs.org/lcid/-/lcid-2.0.0.tgz",
      "integrity": "sha512-avPEb8P8EGnwXKClwsNUgryVjllcRqtMYa49NTsbQagYuT1DcXnl1915oxWjoyGrXR6zH/Y0Zc96xWsPcoDKeA==",
      "requires": {
        "invert-kv": "^2.0.0"
      }
    },
    "locate-path": {
      "version": "3.0.0",
      "resolved": "https://registry.npmjs.org/locate-path/-/locate-path-3.0.0.tgz",
      "integrity": "sha512-7AO748wWnIhNqAuaty2ZWHkQHRSNfPVIsPIfwEOWO22AmaoVrWavlOcMR5nzTLNYvp36X220/maaRsrec1G65A==",
      "requires": {
        "p-locate": "^3.0.0",
        "path-exists": "^3.0.0"
      }
    },
    "map-age-cleaner": {
      "version": "0.1.3",
      "resolved": "https://registry.npmjs.org/map-age-cleaner/-/map-age-cleaner-0.1.3.tgz",
      "integrity": "sha512-bJzx6nMoP6PDLPBFmg7+xRKeFZvFboMrGlxmNj9ClvX53KrmvM5bXFXEWjbz4cz1AFn+jWJ9z/DJSz7hrs0w3w==",
      "requires": {
        "p-defer": "^1.0.0"
      }
    },
    "mem": {
      "version": "4.1.0",
      "resolved": "https://registry.npmjs.org/mem/-/mem-4.1.0.tgz",
      "integrity": "sha512-I5u6Q1x7wxO0kdOpYBB28xueHADYps5uty/zg936CiG8NTe5sJL8EjrCuLneuDW3PlMdZBGDIn8BirEVdovZvg==",
      "requires": {
        "map-age-cleaner": "^0.1.1",
        "mimic-fn": "^1.0.0",
        "p-is-promise": "^2.0.0"
      }
    },
    "mimic-fn": {
      "version": "1.2.0",
      "resolved": "https://registry.npmjs.org/mimic-fn/-/mimic-fn-1.2.0.tgz",
      "integrity": "sha512-jf84uxzwiuiIVKiOLpfYk7N46TSy8ubTonmneY9vrpHNAnp0QBt2BxWV9dO3/j+BoVAb+a5G6YDPW3M5HOdMWQ=="
    },
    "nice-try": {
      "version": "1.0.5",
      "resolved": "https://registry.npmjs.org/nice-try/-/nice-try-1.0.5.tgz",
      "integrity": "sha512-1nh45deeb5olNY7eX82BkPO7SSxR5SSYJiPTrTdFUVYwAl8CKMA5N9PjTYkHiRjisVcxcQ1HXdLhx2qxxJzLNQ=="
    },
    "node-fetch": {
      "version": "2.3.0",
      "resolved": "https://registry.npmjs.org/node-fetch/-/node-fetch-2.3.0.tgz",
      "integrity": "sha512-MOd8pV3fxENbryESLgVIeaGKrdl+uaYhCSSVkjeOb/31/njTpcis5aWfdqgNlHIrKOLRbMnfPINPOML2CIFeXA=="
    },
    "npm-run-path": {
      "version": "2.0.2",
      "resolved": "https://registry.npmjs.org/npm-run-path/-/npm-run-path-2.0.2.tgz",
      "integrity": "sha1-NakjLfo11wZ7TLLd8jV7GHFTbF8=",
      "requires": {
        "path-key": "^2.0.0"
      }
    },
    "number-is-nan": {
      "version": "1.0.1",
      "resolved": "https://registry.npmjs.org/number-is-nan/-/number-is-nan-1.0.1.tgz",
      "integrity": "sha1-CXtgK1NCKlIsGvuHkDGDNpQaAR0="
    },
    "once": {
      "version": "1.4.0",
      "resolved": "https://registry.npmjs.org/once/-/once-1.4.0.tgz",
      "integrity": "sha1-WDsap3WWHUsROsF9nFC6753Xa9E=",
      "requires": {
        "wrappy": "1"
      }
    },
    "os-locale": {
      "version": "3.1.0",
      "resolved": "https://registry.npmjs.org/os-locale/-/os-locale-3.1.0.tgz",
      "integrity": "sha512-Z8l3R4wYWM40/52Z+S265okfFj8Kt2cC2MKY+xNi3kFs+XGI7WXu/I309QQQYbRW4ijiZ+yxs9pqEhJh0DqW3Q==",
      "requires": {
        "execa": "^1.0.0",
        "lcid": "^2.0.0",
        "mem": "^4.0.0"
      }
    },
    "p-defer": {
      "version": "1.0.0",
      "resolved": "https://registry.npmjs.org/p-defer/-/p-defer-1.0.0.tgz",
      "integrity": "sha1-n26xgvbJqozXQwBKfU+WsZaw+ww="
    },
    "p-finally": {
      "version": "1.0.0",
      "resolved": "https://registry.npmjs.org/p-finally/-/p-finally-1.0.0.tgz",
      "integrity": "sha1-P7z7FbiZpEEjs0ttzBi3JDNqLK4="
    },
    "p-is-promise": {
      "version": "2.0.0",
      "resolved": "https://registry.npmjs.org/p-is-promise/-/p-is-promise-2.0.0.tgz",
      "integrity": "sha512-pzQPhYMCAgLAKPWD2jC3Se9fEfrD9npNos0y150EeqZll7akhEgGhTW/slB6lHku8AvYGiJ+YJ5hfHKePPgFWg=="
    },
    "p-limit": {
      "version": "2.1.0",
      "resolved": "https://registry.npmjs.org/p-limit/-/p-limit-2.1.0.tgz",
      "integrity": "sha512-NhURkNcrVB+8hNfLuysU8enY5xn2KXphsHBaC2YmRNTZRc7RWusw6apSpdEj3jo4CMb6W9nrF6tTnsJsJeyu6g==",
      "requires": {
        "p-try": "^2.0.0"
      }
    },
    "p-locate": {
      "version": "3.0.0",
      "resolved": "https://registry.npmjs.org/p-locate/-/p-locate-3.0.0.tgz",
      "integrity": "sha512-x+12w/To+4GFfgJhBEpiDcLozRJGegY+Ei7/z0tSLkMmxGZNybVMSfWj9aJn8Z5Fc7dBUNJOOVgPv2H7IwulSQ==",
      "requires": {
        "p-limit": "^2.0.0"
      }
    },
    "p-try": {
      "version": "2.0.0",
      "resolved": "https://registry.npmjs.org/p-try/-/p-try-2.0.0.tgz",
      "integrity": "sha512-hMp0onDKIajHfIkdRk3P4CdCmErkYAxxDtP3Wx/4nZ3aGlau2VKh3mZpcuFkH27WQkL/3WBCPOktzA9ZOAnMQQ=="
    },
    "path-exists": {
      "version": "3.0.0",
      "resolved": "https://registry.npmjs.org/path-exists/-/path-exists-3.0.0.tgz",
      "integrity": "sha1-zg6+ql94yxiSXqfYENe1mwEP1RU="
    },
    "path-key": {
      "version": "2.0.1",
      "resolved": "https://registry.npmjs.org/path-key/-/path-key-2.0.1.tgz",
      "integrity": "sha1-QRyttXTFoUDTpLGRDUDYDMn0C0A="
    },
    "pump": {
      "version": "3.0.0",
      "resolved": "https://registry.npmjs.org/pump/-/pump-3.0.0.tgz",
      "integrity": "sha512-LwZy+p3SFs1Pytd/jYct4wpv49HiYCqd9Rlc5ZVdk0V+8Yzv6jR5Blk3TRmPL1ft69TxP0IMZGJ+WPFU2BFhww==",
      "requires": {
        "end-of-stream": "^1.1.0",
        "once": "^1.3.1"
      }
    },
    "require-directory": {
      "version": "2.1.1",
      "resolved": "https://registry.npmjs.org/require-directory/-/require-directory-2.1.1.tgz",
      "integrity": "sha1-jGStX9MNqxyXbiNE/+f3kqam30I="
    },
    "require-main-filename": {
      "version": "1.0.1",
      "resolved": "https://registry.npmjs.org/require-main-filename/-/require-main-filename-1.0.1.tgz",
      "integrity": "sha1-l/cXtp1IeE9fUmpsWqj/3aBVpNE="
    },
    "rw": {
      "version": "1.3.3",
      "resolved": "https://registry.npmjs.org/rw/-/rw-1.3.3.tgz",
      "integrity": "sha1-P4Yt+pGrdmsUiF700BEkv9oHT7Q="
    },
    "safer-buffer": {
      "version": "2.1.2",
      "resolved": "https://registry.npmjs.org/safer-buffer/-/safer-buffer-2.1.2.tgz",
      "integrity": "sha512-YZo3K82SD7Riyi0E1EQPojLz7kpepnSQI9IyPbHHg1XXXevb5dJI7tpyN2ADxGcQbHG7vcyRHk0cbwqcQriUtg=="
    },
    "semver": {
      "version": "5.6.0",
      "resolved": "https://registry.npmjs.org/semver/-/semver-5.6.0.tgz",
      "integrity": "sha512-RS9R6R35NYgQn++fkDWaOmqGoj4Ek9gGs+DPxNUZKuwE183xjJroKvyo1IzVFeXvUrvmALy6FWD5xrdJT25gMg=="
    },
    "set-blocking": {
      "version": "2.0.0",
      "resolved": "https://registry.npmjs.org/set-blocking/-/set-blocking-2.0.0.tgz",
      "integrity": "sha1-BF+XgtARrppoA93TgrJDkrPYkPc="
    },
    "shebang-command": {
      "version": "1.2.0",
      "resolved": "https://registry.npmjs.org/shebang-command/-/shebang-command-1.2.0.tgz",
      "integrity": "sha1-RKrGW2lbAzmJaMOfNj/uXer98eo=",
      "requires": {
        "shebang-regex": "^1.0.0"
      }
    },
    "shebang-regex": {
      "version": "1.0.0",
      "resolved": "https://registry.npmjs.org/shebang-regex/-/shebang-regex-1.0.0.tgz",
      "integrity": "sha1-2kL0l0DAtC2yypcoVxyxkMmO/qM="
    },
    "signal-exit": {
      "version": "3.0.2",
      "resolved": "https://registry.npmjs.org/signal-exit/-/signal-exit-3.0.2.tgz",
      "integrity": "sha1-tf3AjxKH6hF4Yo5BXiUTK3NkbG0="
    },
    "string-width": {
      "version": "2.1.1",
      "resolved": "https://registry.npmjs.org/string-width/-/string-width-2.1.1.tgz",
      "integrity": "sha512-nOqH59deCq9SRHlxq1Aw85Jnt4w6KvLKqWVik6oA9ZklXLNIOlqg4F2yrT1MVaTjAqvVwdfeZ7w7aCvJD7ugkw==",
      "requires": {
        "is-fullwidth-code-point": "^2.0.0",
        "strip-ansi": "^4.0.0"
      }
    },
    "strip-ansi": {
      "version": "4.0.0",
      "resolved": "https://registry.npmjs.org/strip-ansi/-/strip-ansi-4.0.0.tgz",
      "integrity": "sha1-qEeQIusaw2iocTibY1JixQXuNo8=",
      "requires": {
        "ansi-regex": "^3.0.0"
      }
    },
    "strip-eof": {
      "version": "1.0.0",
      "resolved": "https://registry.npmjs.org/strip-eof/-/strip-eof-1.0.0.tgz",
      "integrity": "sha1-u0P/VZim6wXYm1n80SnJgzE2Br8="
    },
    "topojson-client": {
      "version": "3.0.0",
      "resolved": "https://registry.npmjs.org/topojson-client/-/topojson-client-3.0.0.tgz",
      "integrity": "sha1-H5kpOnfvQqRI0DKoGqmCtz82DS8=",
      "requires": {
        "commander": "2"
      }
    },
    "tslib": {
      "version": "1.9.3",
      "resolved": "https://registry.npmjs.org/tslib/-/tslib-1.9.3.tgz",
      "integrity": "sha512-4krF8scpejhaOgqzBEcGM7yDIEfi0/8+8zDRZhNZZ2kjmHJ4hv3zCbQWxoJGz1iw5U0Jl0nma13xzHXcncMavQ=="
    },
    "vega-canvas": {
      "version": "1.1.0",
      "resolved": "https://registry.npmjs.org/vega-canvas/-/vega-canvas-1.1.0.tgz",
      "integrity": "sha512-0RBwjnrFf4VRhNm5ICY+o1/q6mynli+VheOXKGML9mElRsplZgzd/pv9NnNRNigU+M66Kr7zUpskoakh8EhW9Q=="
    },
    "vega-crossfilter": {
      "version": "3.0.1",
      "resolved": "https://registry.npmjs.org/vega-crossfilter/-/vega-crossfilter-3.0.1.tgz",
      "integrity": "sha512-GNCP0k1otJKtE9SnYm1cDBqUfBvWTaxJ3/bdMpWvGNUtAdDBAlrtspDBTpwMu4MLNWbAy1zp9jN0ztCXBZF29Q==",
      "requires": {
        "d3-array": "^2.0.2",
        "vega-dataflow": "^4.1.0",
        "vega-util": "^1.7.0"
      }
    },
    "vega-dataflow": {
      "version": "4.1.0",
      "resolved": "https://registry.npmjs.org/vega-dataflow/-/vega-dataflow-4.1.0.tgz",
      "integrity": "sha512-LuXoN3LkYWNYTPeMiOgSlw2TZAWjmN46Q9HmHM8ClhXYAj+pYme3IPdtYn1OmcvWe4rKeiYgNYrtJCgTOvCepg==",
      "requires": {
        "vega-loader": "^3.1.0",
        "vega-util": "^1.7.0"
      }
    },
    "vega-embed": {
      "version": "3.29.0",
      "resolved": "https://registry.npmjs.org/vega-embed/-/vega-embed-3.29.0.tgz",
      "integrity": "sha512-EhSTcRD6yaimwkbQdOgYB+Zcc7OlJgqsKUD+hoyJf9xpKxQqk5OQsgfkE5aWeygy2DG8R3m5aoTVQxpYSeneGA==",
      "requires": {
        "d3-selection": "^1.3.2",
        "json-stringify-pretty-compact": "^1.2.0",
        "semver": "^5.6.0",
        "vega-lib": "^4.4.0",
        "vega-lite": "^3.0.0-rc12 || ^2.6.0",
        "vega-schema-url-parser": "^1.1.0",
        "vega-themes": "^2.2.0",
        "vega-tooltip": "^0.15.0"
      }
    },
    "vega-encode": {
      "version": "3.2.2",
      "resolved": "https://registry.npmjs.org/vega-encode/-/vega-encode-3.2.2.tgz",
      "integrity": "sha512-Hmk+ReH6R1wTnz56gWyk8CnzgAzq11QYkrEzw794MMY2l61EG3sX9veyZ9AdtDufOq9oDa58/kfgk65UD9A+sA==",
      "requires": {
        "d3-array": "^2.0.2",
        "d3-format": "^1.3.2",
        "d3-interpolate": "^1.3.2",
        "vega-dataflow": "^4.1.0",
        "vega-scale": "^2.5.0",
        "vega-util": "^1.7.0"
      }
    },
    "vega-event-selector": {
      "version": "2.0.0",
      "resolved": "https://registry.npmjs.org/vega-event-selector/-/vega-event-selector-2.0.0.tgz",
      "integrity": "sha512-EZeStM/7LNfJiRuop0lvhOR52Q1l9i/EIYUnm/XddhjR+UqhPkeCmZcffMTr41z3aGm/zciVLlKanUWNT+jQ1A=="
    },
    "vega-expression": {
      "version": "2.4.0",
      "resolved": "https://registry.npmjs.org/vega-expression/-/vega-expression-2.4.0.tgz",
      "integrity": "sha512-Ti2rqnXscu281omgAukd37yDcw2AjETshB8tWcTOciFPUkfLQKwL6d1UIuIq4RkWuKDTU9Htd2UCpvFDu+O1eQ==",
      "requires": {
        "vega-util": "^1.7.0"
      }
    },
    "vega-force": {
      "version": "3.0.0",
      "resolved": "https://registry.npmjs.org/vega-force/-/vega-force-3.0.0.tgz",
      "integrity": "sha512-Uar26RDxDQEpIdWBIFKnOr6/B30RU8/2qBtoiux1C3goZIWBRkXNlCR5kMDkll8Mg60deD6ynflsXXNwyGS69w==",
      "requires": {
        "d3-force": "^1.1.0",
        "vega-dataflow": "^4.0.0",
        "vega-util": "^1.7.0"
      }
    },
    "vega-geo": {
      "version": "3.1.1",
      "resolved": "https://registry.npmjs.org/vega-geo/-/vega-geo-3.1.1.tgz",
      "integrity": "sha512-EltBQmid6DZ7d4iArgTnsGRsx4ZaHrwvaegq6iIwWp7GHtJ8i+8bzPFfHo1pBuRVmHG4ZA2NH+cNaW2IIgWcPg==",
      "requires": {
        "d3-array": "^2.0.2",
        "d3-contour": "^1.3.2",
        "d3-geo": "^1.11.3",
        "vega-dataflow": "^4.1.0",
        "vega-projection": "^1.2.0",
        "vega-util": "^1.7.0"
      }
    },
    "vega-hierarchy": {
      "version": "3.1.0",
      "resolved": "https://registry.npmjs.org/vega-hierarchy/-/vega-hierarchy-3.1.0.tgz",
      "integrity": "sha512-zPxOsQbswVDMfn9JdDG0ihZA4qhQL5WJxBsSRFsMeuyDTFuE6biBInpm/g0QDGmHMF2EOY4AwD2WRyF+jAyTqw==",
      "requires": {
        "d3-collection": "^1.0.7",
        "d3-hierarchy": "^1.1.8",
        "vega-dataflow": "^4.0.4",
        "vega-util": "^1.7.0"
      }
    },
    "vega-lib": {
      "version": "4.4.0",
      "resolved": "https://registry.npmjs.org/vega-lib/-/vega-lib-4.4.0.tgz",
      "integrity": "sha512-bfOsO5wks+ctnJ94fIPWH/B0qocdFs4WZ8teIgjF7m5XE+EVln+1nq9Z+sV7wdw7vftzGg0GAx9UH/kJxyopKg==",
      "requires": {
        "vega-crossfilter": "^3.0.1",
        "vega-dataflow": "^4.1.0",
        "vega-encode": "^3.2.2",
        "vega-event-selector": "^2.0.0",
        "vega-expression": "^2.4.0",
        "vega-force": "^3.0.0",
        "vega-geo": "^3.1.1",
        "vega-hierarchy": "^3.1.0",
        "vega-loader": "^3.1.0",
        "vega-parser": "^3.9.0",
        "vega-projection": "^1.2.0",
        "vega-runtime": "^3.2.0",
        "vega-scale": "^2.5.1",
        "vega-scenegraph": "^3.2.3",
        "vega-statistics": "^1.2.3",
        "vega-transforms": "^2.3.1",
        "vega-typings": "*",
        "vega-util": "^1.7.0",
        "vega-view": "^3.4.1",
        "vega-view-transforms": "^2.0.3",
        "vega-voronoi": "^3.0.0",
        "vega-wordcloud": "^3.0.0"
      }
    },
    "vega-lite": {
      "version": "3.0.0-rc12",
      "resolved": "https://registry.npmjs.org/vega-lite/-/vega-lite-3.0.0-rc12.tgz",
      "integrity": "sha512-/J7pyYFzL6rod+fBRZ9k6EQBMr7VXRmhQ/DqKPm2wGgtzqxDorBrvwZ0sqi2zWZ1o1vHIehbfl+/JMotuIoEeg==",
      "requires": {
        "@types/clone": "^0.1.30",
        "clone": "^2.1.2",
        "fast-deep-equal": "^2.0.1",
        "fast-json-stable-stringify": "^2.0.0",
        "json-stringify-pretty-compact": "^1.2.0",
        "tslib": "^1.9.3",
        "vega-event-selector": "^2.0.0",
        "vega-expression": "^2.4.0",
        "vega-typings": "0.3.53",
        "vega-util": "^1.7.1",
        "yargs": "^12.0.5"
      }
    },
    "vega-loader": {
      "version": "3.1.0",
      "resolved": "https://registry.npmjs.org/vega-loader/-/vega-loader-3.1.0.tgz",
      "integrity": "sha512-FD9KJdPxBOa+fTnjC2dfY5+kB05hXyVOfjIkssmgyyhELJPp2FwclcF4mVy7Ay1E8fUHY3GgbwSE5jL8k4pYUg==",
      "requires": {
        "d3-dsv": "^1.0.10",
        "d3-time-format": "^2.1.3",
        "node-fetch": "^2.3.0",
        "topojson-client": "^3.0.0",
        "vega-util": "^1.7.0"
      }
    },
    "vega-parser": {
      "version": "3.9.0",
      "resolved": "https://registry.npmjs.org/vega-parser/-/vega-parser-3.9.0.tgz",
      "integrity": "sha512-/fdPt5wcZgbPi0zwzJsBgi/k2GO3s53j7kJUYFGff75+wLJ2n/XtLCU295Wo7+cGCfkCZs0FfYKWa8AJrQZiag==",
      "requires": {
        "d3-array": "^2.0.2",
        "d3-color": "^1.2.3",
        "d3-format": "^1.3.2",
        "d3-geo": "^1.11.3",
        "d3-time-format": "^2.1.3",
        "vega-dataflow": "^4.1.0",
        "vega-event-selector": "^2.0.0",
        "vega-expression": "^2.4.0",
        "vega-scale": "^2.5.1",
        "vega-scenegraph": "^3.2.3",
        "vega-statistics": "^1.2.3",
        "vega-util": "^1.7.0"
      }
    },
    "vega-projection": {
      "version": "1.2.0",
      "resolved": "https://registry.npmjs.org/vega-projection/-/vega-projection-1.2.0.tgz",
      "integrity": "sha1-gSyVUlHatJX9qD2UBrpy2YM6IBQ=",
      "requires": {
        "d3-geo": "^1.10.0"
      }
    },
    "vega-runtime": {
      "version": "3.2.0",
      "resolved": "https://registry.npmjs.org/vega-runtime/-/vega-runtime-3.2.0.tgz",
      "integrity": "sha512-aoWqH+U5tiByj3cIGZsTDPMTb10tUN2nm4zWa3Z7lOUilbw/+gEaOuy1qvr4VrVhUShsnytudED4OpQNUkKy3Q==",
      "requires": {
        "vega-dataflow": "^4.1.0",
        "vega-util": "^1.7.0"
      }
    },
    "vega-scale": {
      "version": "2.5.1",
      "resolved": "https://registry.npmjs.org/vega-scale/-/vega-scale-2.5.1.tgz",
      "integrity": "sha512-EOpUDOjTAD7DhXglyOquXTzXFXjnNvrGyMDCOsfRL/XUTsbjYYNkdl0Q30c9fVN1I+H65lMz52xwN16yxwMuTw==",
      "requires": {
        "d3-array": "^2.0.2",
        "d3-interpolate": "^1.3.2",
        "d3-scale": "^2.1.2",
        "d3-scale-chromatic": "^1.3.3",
        "d3-time": "^1.0.10",
        "vega-util": "^1.7.0"
      }
    },
    "vega-scenegraph": {
      "version": "3.2.3",
      "resolved": "https://registry.npmjs.org/vega-scenegraph/-/vega-scenegraph-3.2.3.tgz",
      "integrity": "sha512-L4mZ6LpEKvW5Q0c8gyqozGuoY5miJI4DiRipiAG0BQ6rB67tK+8qlaTfslX4tNBz88mu+CyVO9ZjNW/M4nBI3w==",
      "requires": {
        "d3-path": "^1.0.7",
        "d3-shape": "^1.2.2",
        "vega-canvas": "^1.1.0",
        "vega-loader": "^3.0.1",
        "vega-util": "^1.7.0"
      }
    },
    "vega-schema-url-parser": {
      "version": "1.1.0",
      "resolved": "https://registry.npmjs.org/vega-schema-url-parser/-/vega-schema-url-parser-1.1.0.tgz",
      "integrity": "sha512-Tc85J2ofMZZOsxiqDM9sbvfsa+Vdo3GwNLjEEsPOsCDeYqsUHKAlc1IpbbhPLZ6jusyM9Lk0e1izF64GGklFDg=="
    },
    "vega-statistics": {
      "version": "1.2.3",
      "resolved": "https://registry.npmjs.org/vega-statistics/-/vega-statistics-1.2.3.tgz",
      "integrity": "sha512-Acs6kswwO7lJYiG7KXxSI+Hr+PDKF+EMX/KmCOmyn8JB1W9fWIhTMBCNKf27r8XuAboBd0fQixuIx9L1Scdo+g==",
      "requires": {
        "d3-array": "^2.0.2"
      }
    },
    "vega-themes": {
      "version": "2.2.0",
      "resolved": "https://registry.npmjs.org/vega-themes/-/vega-themes-2.2.0.tgz",
      "integrity": "sha512-2VOviEERxcdz9qIzd+tjlNcLugGQp9prAWgabpSWsqHWTD5TBB7qk2NGlmPmaIVtWTGVHAhmY9d+zTCAdSIKdw==",
      "requires": {
        "vega-typings": "^0.3.51"
      }
    },
    "vega-tooltip": {
      "version": "0.15.0",
      "resolved": "https://registry.npmjs.org/vega-tooltip/-/vega-tooltip-0.15.0.tgz",
      "integrity": "sha512-xfac+5I7YR1ZKfip2i9xlEHuNrl5YpQnZAmTc9dzQcnkoo5MmGVIhH01tEGOr8keVC9UbYU1AREezwv8Mpajhw==",
      "requires": {
        "vega-util": "^1.7.1"
      }
    },
    "vega-transforms": {
      "version": "2.3.1",
      "resolved": "https://registry.npmjs.org/vega-transforms/-/vega-transforms-2.3.1.tgz",
      "integrity": "sha512-jvDz33ohZiP6cN74quEvesHr0sbSMMQ69ZZqgL6cRDHBqfiuHPhZofBKWDXE1nEWDmJqTEyvg0gsnA8vpHzpjQ==",
      "requires": {
        "d3-array": "^2.0.2",
        "vega-dataflow": "^4.1.0",
        "vega-statistics": "^1.2.3",
        "vega-util": "^1.7.0"
      }
    },
    "vega-typings": {
      "version": "0.3.53",
      "resolved": "https://registry.npmjs.org/vega-typings/-/vega-typings-0.3.53.tgz",
      "integrity": "sha512-XQRd66eL62ll6tHENQIJHtdwXemqXoB4KnVVbGUwGJIHjQkHHluCbkoWVRvPYuRd+OLM1RXVc+EBxA015hJ1SQ==",
      "requires": {
        "vega-util": "^1.7.0"
      }
    },
    "vega-util": {
      "version": "1.7.1",
      "resolved": "https://registry.npmjs.org/vega-util/-/vega-util-1.7.1.tgz",
      "integrity": "sha512-jdzigLdaXH0rClqkr/qHY//xvmLyxQyZL4Wxb3mew29QpITrMk/USV6v/399h29xVt1+hJuw1vpLoJqAq6WerA=="
    },
    "vega-view": {
      "version": "3.4.1",
      "resolved": "https://registry.npmjs.org/vega-view/-/vega-view-3.4.1.tgz",
      "integrity": "sha512-hT9Bj9qRCGz+4umid8tFuADyUF7xOHTQmeu18XtRgEkNOtTALlDYLmCSpcGkP1N6eeZm3aRWBtkUz/XE7/6d+Q==",
      "requires": {
        "d3-array": "^2.0.2",
        "d3-timer": "^1.0.9",
        "vega-dataflow": "^4.1.0",
        "vega-parser": "^3.9.0",
        "vega-runtime": "^3.2.0",
        "vega-scenegraph": "^3.2.3",
        "vega-util": "^1.7.0"
      }
    },
    "vega-view-transforms": {
      "version": "2.0.3",
      "resolved": "https://registry.npmjs.org/vega-view-transforms/-/vega-view-transforms-2.0.3.tgz",
      "integrity": "sha512-m42sP2G72KIIEhbno5P3wYXuGe4C5fj0ztfg1TrSEmGsIHOqoehRvte/1e9q/dV+1rB3TqfcWXgQVEDHCFLEvQ==",
      "requires": {
        "vega-dataflow": "^4.0.4",
        "vega-scenegraph": "^3.2.3",
        "vega-util": "^1.7.0"
      }
    },
    "vega-voronoi": {
      "version": "3.0.0",
      "resolved": "https://registry.npmjs.org/vega-voronoi/-/vega-voronoi-3.0.0.tgz",
      "integrity": "sha512-ZkQw4UprxqiS3IjrdLOoQq1oEeH0REqWonf7Wz5zt2pKDHyMPlFX89EueoDYOKnfQjk9/7IiptBDK1ruAbDNiQ==",
      "requires": {
        "d3-voronoi": "^1.1.2",
        "vega-dataflow": "^4.0.0",
        "vega-util": "^1.7.0"
      }
    },
    "vega-wordcloud": {
      "version": "3.0.0",
      "resolved": "https://registry.npmjs.org/vega-wordcloud/-/vega-wordcloud-3.0.0.tgz",
      "integrity": "sha512-/2F09L2tNTQ8aqK/ZLjd7m+fYwJR8/waE8YWuexLZob4+4BEByzqFfRMATE39ZpdTHOreCEQ5uUKyvv0qA6O0A==",
      "requires": {
        "vega-canvas": "^1.0.1",
        "vega-dataflow": "^4.0.0",
        "vega-scale": "^2.1.1",
        "vega-statistics": "^1.2.1",
        "vega-util": "^1.7.0"
      }
    },
    "which": {
      "version": "1.3.1",
      "resolved": "https://registry.npmjs.org/which/-/which-1.3.1.tgz",
      "integrity": "sha512-HxJdYWq1MTIQbJ3nw0cqssHoTNU267KlrDuGZ1WYlxDStUtKUhOaJmh112/TZmHxxUfuJqPXSOm7tDyas0OSIQ==",
      "requires": {
        "isexe": "^2.0.0"
      }
    },
    "which-module": {
      "version": "2.0.0",
      "resolved": "https://registry.npmjs.org/which-module/-/which-module-2.0.0.tgz",
      "integrity": "sha1-2e8H3Od7mQK4o6j6SzHD4/fm6Ho="
    },
    "wrap-ansi": {
      "version": "2.1.0",
      "resolved": "https://registry.npmjs.org/wrap-ansi/-/wrap-ansi-2.1.0.tgz",
      "integrity": "sha1-2Pw9KE3QV5T+hJc8rs3Rz4JP3YU=",
      "requires": {
        "string-width": "^1.0.1",
        "strip-ansi": "^3.0.1"
      },
      "dependencies": {
        "ansi-regex": {
          "version": "2.1.1",
          "resolved": "https://registry.npmjs.org/ansi-regex/-/ansi-regex-2.1.1.tgz",
          "integrity": "sha1-w7M6te42DYbg5ijwRorn7yfWVN8="
        },
        "is-fullwidth-code-point": {
          "version": "1.0.0",
          "resolved": "https://registry.npmjs.org/is-fullwidth-code-point/-/is-fullwidth-code-point-1.0.0.tgz",
          "integrity": "sha1-754xOG8DGn8NZDr4L95QxFfvAMs=",
          "requires": {
            "number-is-nan": "^1.0.0"
          }
        },
        "string-width": {
          "version": "1.0.2",
          "resolved": "https://registry.npmjs.org/string-width/-/string-width-1.0.2.tgz",
          "integrity": "sha1-EYvfW4zcUaKn5w0hHgfisLmxB9M=",
          "requires": {
            "code-point-at": "^1.0.0",
            "is-fullwidth-code-point": "^1.0.0",
            "strip-ansi": "^3.0.0"
          }
        },
        "strip-ansi": {
          "version": "3.0.1",
          "resolved": "https://registry.npmjs.org/strip-ansi/-/strip-ansi-3.0.1.tgz",
          "integrity": "sha1-ajhfuIU9lS1f8F0Oiq+UJ43GPc8=",
          "requires": {
            "ansi-regex": "^2.0.0"
          }
        }
      }
    },
    "wrappy": {
      "version": "1.0.2",
      "resolved": "https://registry.npmjs.org/wrappy/-/wrappy-1.0.2.tgz",
      "integrity": "sha1-tSQ9jz7BqjXxNkYFvA0QNuMKtp8="
    },
    "y18n": {
      "version": "4.0.0",
      "resolved": "https://registry.npmjs.org/y18n/-/y18n-4.0.0.tgz",
      "integrity": "sha512-r9S/ZyXu/Xu9q1tYlpsLIsa3EeLXXk0VwlxqTcFRfg9EhMW+17kbt9G0NrgCmhGb5vT2hyhJZLfDGx+7+5Uj/w=="
    },
    "yargs": {
      "version": "12.0.5",
      "resolved": "https://registry.npmjs.org/yargs/-/yargs-12.0.5.tgz",
      "integrity": "sha512-Lhz8TLaYnxq/2ObqHDql8dX8CJi97oHxrjUcYtzKbbykPtVW9WB+poxI+NM2UIzsMgNCZTIf0AQwsjK5yMAqZw==",
      "requires": {
        "cliui": "^4.0.0",
        "decamelize": "^1.2.0",
        "find-up": "^3.0.0",
        "get-caller-file": "^1.0.1",
        "os-locale": "^3.0.0",
        "require-directory": "^2.1.1",
        "require-main-filename": "^1.0.1",
        "set-blocking": "^2.0.0",
        "string-width": "^2.0.0",
        "which-module": "^2.0.0",
        "y18n": "^3.2.1 || ^4.0.0",
        "yargs-parser": "^11.1.1"
      }
    },
    "yargs-parser": {
      "version": "11.1.1",
      "resolved": "https://registry.npmjs.org/yargs-parser/-/yargs-parser-11.1.1.tgz",
      "integrity": "sha512-C6kB/WJDiaxONLJQnF8ccx9SEeoTTLek8RVbaOIsrAUS8VrBEXfmeSnCZxygc+XC2sNMBIwOOnfcxiynjHsVSQ==",
      "requires": {
        "camelcase": "^5.0.0",
        "decamelize": "^1.2.0"
      }
    }
  }
}
